
Microsoft Visual Studio Solution File, Format Version 12.00
# Visual Studio Version 16
VisualStudioVersion = 16.0.30204.135
MinimumVisualStudioVersion = 10.0.40219.1
Project("{FAE04EC0-301F-11D3-BF4B-00C04F79EFBC}") = "Servidor_AlejandroVenegas", "Servidor_AlejandroVenegas.csproj", "{AA4D2176-5888-45FB-94B2-EC6554ACEB73}"
EndProject
Project("{FAE04EC0-301F-11D3-BF4B-00C04F79EFBC}") = "Cliente_AlejandroVenegas", "..\Cliente_AlejandroVenegas\Cliente_AlejandroVenegas.csproj", "{FBEC26DE-4A5A-4C35-9BDD-DE94EED5A6F7}"
EndProject
Project("{FAE04EC0-301F-11D3-BF4B-00C04F79EFBC}") = "Entidades_AlejandroVenegas", "..\Entidades_AlejandroVenegas\Entidades_AlejandroVenegas.csproj", "{34F574BA-F956-4C4B-94CD-569138167AC1}"
EndProject
Global
	GlobalSection(SolutionConfigurationPlatforms) = preSolution
		Debug|Any CPU = Debug|Any CPU
		Release|Any CPU = Release|Any CPU
	EndGlobalSection
	GlobalSection(ProjectConfigurationPlatforms) = postSolution
		{AA4D2176-5888-45FB-94B2-EC6554ACEB73}.Debug|Any CPU.ActiveCfg = Debug|Any CPU
		{AA4D2176-5888-45FB-94B2-EC6554ACEB73}.Debug|Any CPU.Build.0 = Debug|Any CPU
		{AA4D2176-5888-45FB-94B2-EC6554ACEB73}.Release|Any CPU.ActiveCfg = Release|Any CPU
		{AA4D2176-5888-45FB-94B2-EC6554ACEB73}.Release|Any CPU.Build.0 = Release|Any CPU
		{FBEC26DE-4A5A-4C35-9BDD-DE94EED5A6F7}.Debug|Any CPU.ActiveCfg = Debug|Any CPU
		{FBEC26DE-4A5A-4C35-9BDD-DE94EED5A6F7}.Debug|Any CPU.Build.0 = Debug|Any CPU
		{FBEC26DE-4A5A-4C35-9BDD-DE94EED5A6F7}.Release|Any CPU.ActiveCfg = Release|Any CPU
		{FBEC26DE-4A5A-4C35-9BDD-DE94EED5A6F7}.Release|Any CPU.Build.0 = Release|Any CPU
		{34F574BA-F956-4C4B-94CD-569138167AC1}.Debug|Any CPU.ActiveCfg = Debug|Any CPU
		{34F574BA-F956-4C4B-94CD-569138167AC1}.Debug|Any CPU.Build.0 = Debug|Any CPU
		{34F574BA-F956-4C4B-94CD-569138167AC1}.Release|Any CPU.ActiveCfg = Release|Any CPU
		{34F574BA-F956-4C4B-94CD-569138167AC1}.Release|Any CPU.Build.0 = Release|Any CPU
	EndGlobalSection
	GlobalSection(SolutionProperties) = preSolution
		HideSolutionNode = FALSE
	EndGlobalSection
	GlobalSection(ExtensibilityGlobals) = postSolution
		SolutionGuid = {647DD4EB-C041-4DF5-B319-0D00DB4A5F03}
	EndGlobalSection
EndGlobal
